Microsoft Visual Studio Solution File, Format Version 12.00
# Visual Studio Version 17
VisualStudioVersion = 17.5.2.0
MinimumVisualStudioVersion = 10.0.40219.1
Project("{FAE04EC0-301F-11D3-BF4B-00C04F79EFBC}") = "VulnerableIssuerAPI", "VulnerableIssuerAPI\VulnerableIssuerAPI.csproj", "{DA450A50-4B7C-CDC5-7FFC-52ECCF0C23C5}"
EndProject
Global
	GlobalSection(SolutionConfigurationPlatforms) = preSolution
		Debug|Any CPU = Debug|Any CPU
		Release|Any CPU = Release|Any CPU
	EndGlobalSection
	GlobalSection(ProjectConfigurationPlatforms) = postSolution
		{DA450A50-4B7C-CDC5-7FFC-52ECCF0C23C5}.Debug|Any CPU.ActiveCfg = Debug|Any CPU
		{DA450A50-4B7C-CDC5-7FFC-52ECCF0C23C5}.Debug|Any CPU.Build.0 = Debug|Any CPU
		{DA450A50-4B7C-CDC5-7FFC-52ECCF0C23C5}.Release|Any CPU.ActiveCfg = Release|Any CPU
		{DA450A50-4B7C-CDC5-7FFC-52ECCF0C23C5}.Release|Any CPU.Build.0 = Release|Any CPU
	EndGlobalSection
	GlobalSection(SolutionProperties) = preSolution
		HideSolutionNode = FALSE
	EndGlobalSection
	GlobalSection(ExtensibilityGlobals) = postSolution
		SolutionGuid = {5300133B-FF7E-4B78-BE31-F995530AE72F}
	EndGlobalSection
EndGlobal
